
Microsoft Visual Studio Solution File, Format Version 12.00
# Visual Studio Version 16
VisualStudioVersion = 16.0.31019.35
MinimumVisualStudioVersion = 10.0.40219.1
Project("{F2A71F9B-5D33-465A-A702-920D77279786}") = "NotQSharp", "NotQSharp\NotQSharp.fsproj", "{89A8F2FC-EB78-4022-9A7D-1CF44FC5CE23}"
EndProject
Project("{FAE04EC0-301F-11D3-BF4B-00C04F79EFBC}") = "Simulator", "Simulator\Simulator.csproj", "{5664F1E5-7247-4564-A72D-5B20EC13C320}"
EndProject
Global
	GlobalSection(SolutionConfigurationPlatforms) = preSolution
		Debug|Any CPU = Debug|Any CPU
		Release|Any CPU = Release|Any CPU
	EndGlobalSection
	GlobalSection(ProjectConfigurationPlatforms) = postSolution
		{89A8F2FC-EB78-4022-9A7D-1CF44FC5CE23}.Debug|Any CPU.ActiveCfg = Debug|Any CPU
		{89A8F2FC-EB78-4022-9A7D-1CF44FC5CE23}.Debug|Any CPU.Build.0 = Debug|Any CPU
		{89A8F2FC-EB78-4022-9A7D-1CF44FC5CE23}.Release|Any CPU.ActiveCfg = Release|Any CPU
		{89A8F2FC-EB78-4022-9A7D-1CF44FC5CE23}.Release|Any CPU.Build.0 = Release|Any CPU
		{5664F1E5-7247-4564-A72D-5B20EC13C320}.Debug|Any CPU.ActiveCfg = Debug|Any CPU
		{5664F1E5-7247-4564-A72D-5B20EC13C320}.Debug|Any CPU.Build.0 = Debug|Any CPU
		{5664F1E5-7247-4564-A72D-5B20EC13C320}.Release|Any CPU.ActiveCfg = Release|Any CPU
		{5664F1E5-7247-4564-A72D-5B20EC13C320}.Release|Any CPU.Build.0 = Release|Any CPU
	EndGlobalSection
	GlobalSection(SolutionProperties) = preSolution
		HideSolutionNode = FALSE
	EndGlobalSection
	GlobalSection(ExtensibilityGlobals) = postSolution
		SolutionGuid = {81937EFE-54B8-48AD-ACAB-25A775BE1C63}
	EndGlobalSection
EndGlobal
